
Microsoft Visual Studio Solution File, Format Version 12.00
# Visual Studio 15
VisualStudioVersion = 15.0.26730.15
MinimumVisualStudioVersion = 10.0.40219.1
Project("{FAE04EC0-301F-11D3-BF4B-00C04F79EFBC}") = "PeerToPeerChatApplicationUsingTasks", "PeerToPeerChatApplicationUsingTasks\PeerToPeerChatApplicationUsingTasks.csproj", "{056583EB-C7B1-43CA-BD2A-312B24D17B47}"
EndProject
Global
	GlobalSection(SolutionConfigurationPlatforms) = preSolution
		Debug|Any CPU = Debug|Any CPU
		Release|Any CPU = Release|Any CPU
	EndGlobalSection
	GlobalSection(ProjectConfigurationPlatforms) = postSolution
		{056583EB-C7B1-43CA-BD2A-312B24D17B47}.Debug|Any CPU.ActiveCfg = Debug|Any CPU
		{056583EB-C7B1-43CA-BD2A-312B24D17B47}.Debug|Any CPU.Build.0 = Debug|Any CPU
		{056583EB-C7B1-43CA-BD2A-312B24D17B47}.Release|Any CPU.ActiveCfg = Release|Any CPU
		{056583EB-C7B1-43CA-BD2A-312B24D17B47}.Release|Any CPU.Build.0 = Release|Any CPU
	EndGlobalSection
	GlobalSection(SolutionProperties) = preSolution
		HideSolutionNode = FALSE
	EndGlobalSection
	GlobalSection(ExtensibilityGlobals) = postSolution
		SolutionGuid = {F4799B51-12FC-4C49-B50E-B9396B112525}
	EndGlobalSection
EndGlobal
