
Microsoft Visual Studio Solution File, Format Version 12.00
# Visual Studio 15
VisualStudioVersion = 15.0.28307.757
MinimumVisualStudioVersion = 10.0.40219.1
Project("{FAE04EC0-301F-11D3-BF4B-00C04F79EFBC}") = "HTTPWebServerApplication", "HTTPWebServerApplication\HTTPWebServerApplication.csproj", "{D6E4B6B5-DE1B-40D1-9FD7-C51B6143C508}"
EndProject
Global
	GlobalSection(SolutionConfigurationPlatforms) = preSolution
		Debug|Any CPU = Debug|Any CPU
		Release|Any CPU = Release|Any CPU
	EndGlobalSection
	GlobalSection(ProjectConfigurationPlatforms) = postSolution
		{D6E4B6B5-DE1B-40D1-9FD7-C51B6143C508}.Debug|Any CPU.ActiveCfg = Debug|Any CPU
		{D6E4B6B5-DE1B-40D1-9FD7-C51B6143C508}.Debug|Any CPU.Build.0 = Debug|Any CPU
		{D6E4B6B5-DE1B-40D1-9FD7-C51B6143C508}.Release|Any CPU.ActiveCfg = Release|Any CPU
		{D6E4B6B5-DE1B-40D1-9FD7-C51B6143C508}.Release|Any CPU.Build.0 = Release|Any CPU
	EndGlobalSection
	GlobalSection(SolutionProperties) = preSolution
		HideSolutionNode = FALSE
	EndGlobalSection
	GlobalSection(ExtensibilityGlobals) = postSolution
		SolutionGuid = {430308CB-8F17-48B9-AB91-7A9F3F973828}
	EndGlobalSection
EndGlobal
