
Microsoft Visual Studio Solution File, Format Version 12.00
# Visual Studio Version 16
VisualStudioVersion = 16.0.29201.188
MinimumVisualStudioVersion = 10.0.40219.1
Project("{FAE04EC0-301F-11D3-BF4B-00C04F79EFBC}") = "DotnetBenchmarkSample", "DotnetBenchmarkSample.csproj", "{CD6656B6-76B1-4DBC-802F-F7A38100F060}"
EndProject
Global
	GlobalSection(SolutionConfigurationPlatforms) = preSolution
		Debug|Any CPU = Debug|Any CPU
		Release|Any CPU = Release|Any CPU
	EndGlobalSection
	GlobalSection(ProjectConfigurationPlatforms) = postSolution
		{CD6656B6-76B1-4DBC-802F-F7A38100F060}.Debug|Any CPU.ActiveCfg = Debug|Any CPU
		{CD6656B6-76B1-4DBC-802F-F7A38100F060}.Debug|Any CPU.Build.0 = Debug|Any CPU
		{CD6656B6-76B1-4DBC-802F-F7A38100F060}.Release|Any CPU.ActiveCfg = Release|Any CPU
		{CD6656B6-76B1-4DBC-802F-F7A38100F060}.Release|Any CPU.Build.0 = Release|Any CPU
	EndGlobalSection
	GlobalSection(SolutionProperties) = preSolution
		HideSolutionNode = FALSE
	EndGlobalSection
	GlobalSection(ExtensibilityGlobals) = postSolution
		SolutionGuid = {574B038A-C975-493D-A399-03FCDF0284EE}
	EndGlobalSection
EndGlobal
